// !$*UTF8*$!
{
	archiveVersion = 1;
	classes = {
	};
	objectVersion = 51;
	objects = {

/* Begin PBXBuildFile section */
		4AF700BAE02279716735A028 /* Pods_ReNotebook_ReNotebookUITests.framework in Frameworks */ = {isa = PBXBuildFile; fileRef = 71471C1C0692B74EE9009C51 /* Pods_ReNotebook_ReNotebookUITests.framework */; };
		59071C552754FFBF0043D48C /* AppDelegate.swift in Sources */ = {isa = PBXBuildFile; fileRef = 59071C542754FFBF0043D48C /* AppDelegate.swift */; };
		59071C572754FFBF0043D48C /* SceneDelegate.swift in Sources */ = {isa = PBXBuildFile; fileRef = 59071C562754FFBF0043D48C /* SceneDelegate.swift */; };
		59071C5E2754FFC30043D48C /* Assets.xcassets in Resources */ = {isa = PBXBuildFile; fileRef = 59071C5D2754FFC30043D48C /* Assets.xcassets */; };
		59071C612754FFC30043D48C /* LaunchScreen.storyboard in Resources */ = {isa = PBXBuildFile; fileRef = 59071C5F2754FFC30043D48C /* LaunchScreen.storyboard */; };
		59071C6C2754FFC30043D48C /* ReNotebookTests.swift in Sources */ = {isa = PBXBuildFile; fileRef = 59071C6B2754FFC30043D48C /* ReNotebookTests.swift */; };
		59071C772754FFC30043D48C /* ReNotebookUITests.swift in Sources */ = {isa = PBXBuildFile; fileRef = 59071C762754FFC30043D48C /* ReNotebookUITests.swift */; };
		594534F42755F23E00DD9DF2 /* loggingMiddleware.swift in Sources */ = {isa = PBXBuildFile; fileRef = 594534F32755F23E00DD9DF2 /* loggingMiddleware.swift */; };
		594535122756006900DD9DF2 /* LangPickerPopup.swift in Sources */ = {isa = PBXBuildFile; fileRef = 5945350E2756006900DD9DF2 /* LangPickerPopup.swift */; };
		594535132756006900DD9DF2 /* LangPickerController.swift in Sources */ = {isa = PBXBuildFile; fileRef = 5945350F2756006900DD9DF2 /* LangPickerController.swift */; };
		594535142756006900DD9DF2 /* LangPickerPopupParams.swift in Sources */ = {isa = PBXBuildFile; fileRef = 594535102756006900DD9DF2 /* LangPickerPopupParams.swift */; };
		594535152756006900DD9DF2 /* LangPickerPopup+Layout.swift in Sources */ = {isa = PBXBuildFile; fileRef = 594535112756006900DD9DF2 /* LangPickerPopup+Layout.swift */; };
		5945351D2756029700DD9DF2 /* LangPickerViewImpl.swift in Sources */ = {isa = PBXBuildFile; fileRef = 5945351B2756029700DD9DF2 /* LangPickerViewImpl.swift */; };
		5945351E2756029700DD9DF2 /* LangPickerViewParams.swift in Sources */ = {isa = PBXBuildFile; fileRef = 5945351C2756029700DD9DF2 /* LangPickerViewParams.swift */; };
		5945354B275653FE00DD9DF2 /* LangPickerState.swift in Sources */ = {isa = PBXBuildFile; fileRef = 5945354A275653FE00DD9DF2 /* LangPickerState.swift */; };
		594535512756544600DD9DF2 /* LangPickerAction.swift in Sources */ = {isa = PBXBuildFile; fileRef = 594535502756544600DD9DF2 /* LangPickerAction.swift */; };
		594535572756547B00DD9DF2 /* langPickerReducer.swift in Sources */ = {isa = PBXBuildFile; fileRef = 594535562756547B00DD9DF2 /* langPickerReducer.swift */; };
		598E80452755649300CC61EA /* Store.swift in Sources */ = {isa = PBXBuildFile; fileRef = 598E80442755649300CC61EA /* Store.swift */; };
		598E804E27559A8B00CC61EA /* NewWordViewController.swift in Sources */ = {isa = PBXBuildFile; fileRef = 598E804D27559A8B00CC61EA /* NewWordViewController.swift */; };
		598E805327559ABB00CC61EA /* NewWordViewParams.swift in Sources */ = {isa = PBXBuildFile; fileRef = 598E805227559ABB00CC61EA /* NewWordViewParams.swift */; };
		598E805927559ADE00CC61EA /* ViewParams.swift in Sources */ = {isa = PBXBuildFile; fileRef = 598E805827559ADE00CC61EA /* ViewParams.swift */; };
		598E805F27559B2200CC61EA /* Lang.swift in Sources */ = {isa = PBXBuildFile; fileRef = 598E805E27559B2200CC61EA /* Lang.swift */; };
		598E806527559B4900CC61EA /* Tagged.swift in Sources */ = {isa = PBXBuildFile; fileRef = 598E806427559B4900CC61EA /* Tagged.swift */; };
		598E806D27559BB300CC61EA /* NewWordViewController+Layout.swift in Sources */ = {isa = PBXBuildFile; fileRef = 598E806C27559BB300CC61EA /* NewWordViewController+Layout.swift */; };
		598E807A2755A66200CC61EA /* NewWordAction.swift in Sources */ = {isa = PBXBuildFile; fileRef = 598E80792755A66200CC61EA /* NewWordAction.swift */; };
		598E80802755A69200CC61EA /* NewWordState.swift in Sources */ = {isa = PBXBuildFile; fileRef = 598E807F2755A69200CC61EA /* NewWordState.swift */; };
		598E80862755A6C600CC61EA /* newWordReducer.swift in Sources */ = {isa = PBXBuildFile; fileRef = 598E80852755A6C600CC61EA /* newWordReducer.swift */; };
		618110D1EBA3675222BCB803 /* Pods_ReNotebook.framework in Frameworks */ = {isa = PBXBuildFile; fileRef = 9D4B73776E77AA9DD470DEC2 /* Pods_ReNotebook.framework */; };
		F41DF014CC0769184B476B4E /* Pods_ReNotebookTests.framework in Frameworks */ = {isa = PBXBuildFile; fileRef = 2B8941D0A1E85CF990DCDC1D /* Pods_ReNotebookTests.framework */; };
/* End PBXBuildFile section */

/* Begin PBXContainerItemProxy section */
		59071C682754FFC30043D48C /* PBXContainerItemProxy */ = {
			isa = PBXContainerItemProxy;
			containerPortal = 59071C492754FFBF0043D48C /* Project object */;
			proxyType = 1;
			remoteGlobalIDString = 59071C502754FFBF0043D48C;
			remoteInfo = ReNotebook;
		};
		59071C732754FFC30043D48C /* PBXContainerItemProxy */ = {
			isa = PBXContainerItemProxy;
			containerPortal = 59071C492754FFBF0043D48C /* Project object */;
			proxyType = 1;
			remoteGlobalIDString = 59071C502754FFBF0043D48C;
			remoteInfo = ReNotebook;
		};
/* End PBXContainerItemProxy section */

/* Begin PBXFileReference section */
		2B8941D0A1E85CF990DCDC1D /* Pods_ReNotebookTests.framework */ = {isa = PBXFileReference; explicitFileType = wrapper.framework; includeInIndex = 0; path = Pods_ReNotebookTests.framework; sourceTree = BUILT_PRODUCTS_DIR; };
		34DE3722EB765ED895031528 /* Pods-ReNotebook.debug.xcconfig */ = {isa = PBXFileReference; includeInIndex = 1; lastKnownFileType = text.xcconfig; name = "Pods-ReNotebook.debug.xcconfig"; path = "Target Support Files/Pods-ReNotebook/Pods-ReNotebook.debug.xcconfig"; sourceTree = "<group>"; };
		493F560C06C3D83B0EEA3B72 /* Pods-ReNotebook.release.xcconfig */ = {isa = PBXFileReference; includeInIndex = 1; lastKnownFileType = text.xcconfig; name = "Pods-ReNotebook.release.xcconfig"; path = "Target Support Files/Pods-ReNotebook/Pods-ReNotebook.release.xcconfig"; sourceTree = "<group>"; };
		59071C512754FFBF0043D48C /* ReNotebook.app */ = {isa = PBXFileReference; explicitFileType = wrapper.application; includeInIndex = 0; path = ReNotebook.app; sourceTree = BUILT_PRODUCTS_DIR; };
		59071C542754FFBF0043D48C /* AppDelegate.swift */ = {isa = PBXFileReference; lastKnownFileType = sourcecode.swift; path = AppDelegate.swift; sourceTree = "<group>"; };
		59071C562754FFBF0043D48C /* SceneDelegate.swift */ = {isa = PBXFileReference; lastKnownFileType = sourcecode.swift; path = SceneDelegate.swift; sourceTree = "<group>"; };
		59071C5D2754FFC30043D48C /* Assets.xcassets */ = {isa = PBXFileReference; lastKnownFileType = folder.assetcatalog; path = Assets.xcassets; sourceTree = "<group>"; };
		59071C602754FFC30043D48C /* Base */ = {isa = PBXFileReference; lastKnownFileType = file.storyboard; name = Base; path = Base.lproj/LaunchScreen.storyboard; sourceTree = "<group>"; };
		59071C622754FFC30043D48C /* Info.plist */ = {isa = PBXFileReference; lastKnownFileType = text.plist.xml; path = Info.plist; sourceTree = "<group>"; };
		59071C672754FFC30043D48C /* ReNotebookTests.xctest */ = {isa = PBXFileReference; explicitFileType = wrapper.cfbundle; includeInIndex = 0; path = ReNotebookTests.xctest; sourceTree = BUILT_PRODUCTS_DIR; };
		59071C6B2754FFC30043D48C /* ReNotebookTests.swift */ = {isa = PBXFileReference; lastKnownFileType = sourcecode.swift; path = ReNotebookTests.swift; sourceTree = "<group>"; };
		59071C6D2754FFC30043D48C /* Info.plist */ = {isa = PBXFileReference; lastKnownFileType = text.plist.xml; path = Info.plist; sourceTree = "<group>"; };
		59071C722754FFC30043D48C /* ReNotebookUITests.xctest */ = {isa = PBXFileReference; explicitFileType = wrapper.cfbundle; includeInIndex = 0; path = ReNotebookUITests.xctest; sourceTree = BUILT_PRODUCTS_DIR; };
		59071C762754FFC30043D48C /* ReNotebookUITests.swift */ = {isa = PBXFileReference; lastKnownFileType = sourcecode.swift; path = ReNotebookUITests.swift; sourceTree = "<group>"; };
		59071C782754FFC30043D48C /* Info.plist */ = {isa = PBXFileReference; lastKnownFileType = text.plist.xml; path = Info.plist; sourceTree = "<group>"; };
		594534F32755F23E00DD9DF2 /* loggingMiddleware.swift */ = {isa = PBXFileReference; lastKnownFileType = sourcecode.swift; path = loggingMiddleware.swift; sourceTree = "<group>"; };
		5945350E2756006900DD9DF2 /* LangPickerPopup.swift */ = {isa = PBXFileReference; fileEncoding = 4; lastKnownFileType = sourcecode.swift; path = LangPickerPopup.swift; sourceTree = "<group>"; };
		5945350F2756006900DD9DF2 /* LangPickerController.swift */ = {isa = PBXFileReference; fileEncoding = 4; lastKnownFileType = sourcecode.swift; path = LangPickerController.swift; sourceTree = "<group>"; };
		594535102756006900DD9DF2 /* LangPickerPopupParams.swift */ = {isa = PBXFileReference; fileEncoding = 4; lastKnownFileType = sourcecode.swift; path = LangPickerPopupParams.swift; sourceTree = "<group>"; };
		594535112756006900DD9DF2 /* LangPickerPopup+Layout.swift */ = {isa = PBXFileReference; fileEncoding = 4; lastKnownFileType = sourcecode.swift; path = "LangPickerPopup+Layout.swift"; sourceTree = "<group>"; };
		5945351B2756029700DD9DF2 /* LangPickerViewImpl.swift */ = {isa = PBXFileReference; fileEncoding = 4; lastKnownFileType = sourcecode.swift; path = LangPickerViewImpl.swift; sourceTree = "<group>"; };
		5945351C2756029700DD9DF2 /* LangPickerViewParams.swift */ = {isa = PBXFileReference; fileEncoding = 4; lastKnownFileType = sourcecode.swift; path = LangPickerViewParams.swift; sourceTree = "<group>"; };
		5945354A275653FE00DD9DF2 /* LangPickerState.swift */ = {isa = PBXFileReference; lastKnownFileType = sourcecode.swift; path = LangPickerState.swift; sourceTree = "<group>"; };
		594535502756544600DD9DF2 /* LangPickerAction.swift */ = {isa = PBXFileReference; lastKnownFileType = sourcecode.swift; path = LangPickerAction.swift; sourceTree = "<group>"; };
		594535562756547B00DD9DF2 /* langPickerReducer.swift */ = {isa = PBXFileReference; lastKnownFileType = sourcecode.swift; path = langPickerReducer.swift; sourceTree = "<group>"; };
		598E80442755649300CC61EA /* Store.swift */ = {isa = PBXFileReference; lastKnownFileType = sourcecode.swift; path = Store.swift; sourceTree = "<group>"; };
		598E804D27559A8B00CC61EA /* NewWordViewController.swift */ = {isa = PBXFileReference; lastKnownFileType = sourcecode.swift; path = NewWordViewController.swift; sourceTree = "<group>"; };
		598E805227559ABB00CC61EA /* NewWordViewParams.swift */ = {isa = PBXFileReference; lastKnownFileType = sourcecode.swift; path = NewWordViewParams.swift; sourceTree = "<group>"; };
		598E805827559ADE00CC61EA /* ViewParams.swift */ = {isa = PBXFileReference; lastKnownFileType = sourcecode.swift; path = ViewParams.swift; sourceTree = "<group>"; };
		598E805E27559B2200CC61EA /* Lang.swift */ = {isa = PBXFileReference; lastKnownFileType = sourcecode.swift; path = Lang.swift; sourceTree = "<group>"; };
		598E806427559B4900CC61EA /* Tagged.swift */ = {isa = PBXFileReference; lastKnownFileType = sourcecode.swift; path = Tagged.swift; sourceTree = "<group>"; };
		598E806C27559BB300CC61EA /* NewWordViewController+Layout.swift */ = {isa = PBXFileReference; lastKnownFileType = sourcecode.swift; path = "NewWordViewController+Layout.swift"; sourceTree = "<group>"; };
		598E80792755A66200CC61EA /* NewWordAction.swift */ = {isa = PBXFileReference; lastKnownFileType = sourcecode.swift; path = NewWordAction.swift; sourceTree = "<group>"; };
		598E807F2755A69200CC61EA /* NewWordState.swift */ = {isa = PBXFileReference; lastKnownFileType = sourcecode.swift; path = NewWordState.swift; sourceTree = "<group>"; };
		598E80852755A6C600CC61EA /* newWordReducer.swift */ = {isa = PBXFileReference; lastKnownFileType = sourcecode.swift; path = newWordReducer.swift; sourceTree = "<group>"; };
		61313236377EB5E75EE505A9 /* Pods-ReNotebookTests.release.xcconfig */ = {isa = PBXFileReference; includeInIndex = 1; lastKnownFileType = text.xcconfig; name = "Pods-ReNotebookTests.release.xcconfig"; path = "Target Support Files/Pods-ReNotebookTests/Pods-ReNotebookTests.release.xcconfig"; sourceTree = "<group>"; };
		69B88A351E0C675E71F64646 /* Pods-ReNotebookTests.debug.xcconfig */ = {isa = PBXFileReference; includeInIndex = 1; lastKnownFileType = text.xcconfig; name = "Pods-ReNotebookTests.debug.xcconfig"; path = "Target Support Files/Pods-ReNotebookTests/Pods-ReNotebookTests.debug.xcconfig"; sourceTree = "<group>"; };
		71471C1C0692B74EE9009C51 /* Pods_ReNotebook_ReNotebookUITests.framework */ = {isa = PBXFileReference; explicitFileType = wrapper.framework; includeInIndex = 0; path = Pods_ReNotebook_ReNotebookUITests.framework; sourceTree = BUILT_PRODUCTS_DIR; };
		9D4B73776E77AA9DD470DEC2 /* Pods_ReNotebook.framework */ = {isa = PBXFileReference; explicitFileType = wrapper.framework; includeInIndex = 0; path = Pods_ReNotebook.framework; sourceTree = BUILT_PRODUCTS_DIR; };
		E1959F9154CAD9326A93F8A8 /* Pods-ReNotebook-ReNotebookUITests.release.xcconfig */ = {isa = PBXFileReference; includeInIndex = 1; lastKnownFileType = text.xcconfig; name = "Pods-ReNotebook-ReNotebookUITests.release.xcconfig"; path = "Target Support Files/Pods-ReNotebook-ReNotebookUITests/Pods-ReNotebook-ReNotebookUITests.release.xcconfig"; sourceTree = "<group>"; };
		ED5DAC2E5EA92BFCD1806B3F /* Pods-ReNotebook-ReNotebookUITests.debug.xcconfig */ = {isa = PBXFileReference; includeInIndex = 1; lastKnownFileType = text.xcconfig; name = "Pods-ReNotebook-ReNotebookUITests.debug.xcconfig"; path = "Target Support Files/Pods-ReNotebook-ReNotebookUITests/Pods-ReNotebook-ReNotebookUITests.debug.xcconfig"; sourceTree = "<group>"; };
/* End PBXFileReference section */

/* Begin PBXFrameworksBuildPhase section */
		59071C4E2754FFBF0043D48C /* Frameworks */ = {
			isa = PBXFrameworksBuildPhase;
			buildActionMask = 2147483647;
			files = (
				618110D1EBA3675222BCB803 /* Pods_ReNotebook.framework in Frameworks */,
			);
			runOnlyForDeploymentPostprocessing = 0;
		};
		59071C642754FFC30043D48C /* Frameworks */ = {
			isa = PBXFrameworksBuildPhase;
			buildActionMask = 2147483647;
			files = (
				F41DF014CC0769184B476B4E /* Pods_ReNotebookTests.framework in Frameworks */,
			);
			runOnlyForDeploymentPostprocessing = 0;
		};
		59071C6F2754FFC30043D48C /* Frameworks */ = {
			isa = PBXFrameworksBuildPhase;
			buildActionMask = 2147483647;
			files = (
				4AF700BAE02279716735A028 /* Pods_ReNotebook_ReNotebookUITests.framework in Frameworks */,
			);
			runOnlyForDeploymentPostprocessing = 0;
		};
/* End PBXFrameworksBuildPhase section */

/* Begin PBXGroup section */
		5568FF766BD3C31262BD31D8 /* Pods */ = {
			isa = PBXGroup;
			children = (
				34DE3722EB765ED895031528 /* Pods-ReNotebook.debug.xcconfig */,
				493F560C06C3D83B0EEA3B72 /* Pods-ReNotebook.release.xcconfig */,
				ED5DAC2E5EA92BFCD1806B3F /* Pods-ReNotebook-ReNotebookUITests.debug.xcconfig */,
				E1959F9154CAD9326A93F8A8 /* Pods-ReNotebook-ReNotebookUITests.release.xcconfig */,
				69B88A351E0C675E71F64646 /* Pods-ReNotebookTests.debug.xcconfig */,
				61313236377EB5E75EE505A9 /* Pods-ReNotebookTests.release.xcconfig */,
			);
			path = Pods;
			sourceTree = "<group>";
		};
		59071C482754FFBF0043D48C = {
			isa = PBXGroup;
			children = (
				59071C532754FFBF0043D48C /* ReNotebook */,
				59071C6A2754FFC30043D48C /* ReNotebookTests */,
				59071C752754FFC30043D48C /* ReNotebookUITests */,
				59071C522754FFBF0043D48C /* Products */,
				5568FF766BD3C31262BD31D8 /* Pods */,
				D30E92E6772F4757739EB473 /* Frameworks */,
			);
			sourceTree = "<group>";
		};
		59071C522754FFBF0043D48C /* Products */ = {
			isa = PBXGroup;
			children = (
				59071C512754FFBF0043D48C /* ReNotebook.app */,
				59071C672754FFC30043D48C /* ReNotebookTests.xctest */,
				59071C722754FFC30043D48C /* ReNotebookUITests.xctest */,
			);
			name = Products;
			sourceTree = "<group>";
		};
		59071C532754FFBF0043D48C /* ReNotebook */ = {
			isa = PBXGroup;
			children = (
				598E806327559B3900CC61EA /* Core */,
				598E805D27559B1700CC61EA /* DataClass */,
				598E805727559AD000CC61EA /* DesignSystem */,
				594534EB2755F0FB00DD9DF2 /* Feature */,
				594534F22755F1C200DD9DF2 /* Middleware */,
				59071C542754FFBF0043D48C /* AppDelegate.swift */,
				59071C562754FFBF0043D48C /* SceneDelegate.swift */,
				598E80442755649300CC61EA /* Store.swift */,
				59071C5D2754FFC30043D48C /* Assets.xcassets */,
				59071C5F2754FFC30043D48C /* LaunchScreen.storyboard */,
				59071C622754FFC30043D48C /* Info.plist */,
			);
			path = ReNotebook;
			sourceTree = "<group>";
		};
		59071C6A2754FFC30043D48C /* ReNotebookTests */ = {
			isa = PBXGroup;
			children = (
				59071C6B2754FFC30043D48C /* ReNotebookTests.swift */,
				59071C6D2754FFC30043D48C /* Info.plist */,
			);
			path = ReNotebookTests;
			sourceTree = "<group>";
		};
		59071C752754FFC30043D48C /* ReNotebookUITests */ = {
			isa = PBXGroup;
			children = (
				59071C762754FFC30043D48C /* ReNotebookUITests.swift */,
				59071C782754FFC30043D48C /* Info.plist */,
			);
			path = ReNotebookUITests;
			sourceTree = "<group>";
		};
		594534EB2755F0FB00DD9DF2 /* Feature */ = {
			isa = PBXGroup;
			children = (
				59453519275601D400DD9DF2 /* LangPicker */,
				598E804C27559A6C00CC61EA /* NewWord */,
			);
			path = Feature;
			sourceTree = "<group>";
		};
		594534F22755F1C200DD9DF2 /* Middleware */ = {
			isa = PBXGroup;
			children = (
				594534F32755F23E00DD9DF2 /* loggingMiddleware.swift */,
			);
			path = Middleware;
			sourceTree = "<group>";
		};
		5945350D2756002600DD9DF2 /* LangPickerPopup */ = {
			isa = PBXGroup;
			children = (
				5945350F2756006900DD9DF2 /* LangPickerController.swift */,
				5945350E2756006900DD9DF2 /* LangPickerPopup.swift */,
				594535112756006900DD9DF2 /* LangPickerPopup+Layout.swift */,
				594535102756006900DD9DF2 /* LangPickerPopupParams.swift */,
			);
			path = LangPickerPopup;
			sourceTree = "<group>";
		};
		59453519275601D400DD9DF2 /* LangPicker */ = {
			isa = PBXGroup;
			children = (
				594535482756531B00DD9DF2 /* Action */,
				59453549275653ED00DD9DF2 /* State */,
				594535552756546200DD9DF2 /* Reducer */,
				5945351A2756020000DD9DF2 /* View */,
			);
			path = LangPicker;
			sourceTree = "<group>";
		};
		5945351A2756020000DD9DF2 /* View */ = {
			isa = PBXGroup;
			children = (
				5945351B2756029700DD9DF2 /* LangPickerViewImpl.swift */,
				5945351C2756029700DD9DF2 /* LangPickerViewParams.swift */,
			);
			path = View;
			sourceTree = "<group>";
		};
		594535482756531B00DD9DF2 /* Action */ = {
			isa = PBXGroup;
			children = (
				594535502756544600DD9DF2 /* LangPickerAction.swift */,
			);
			path = Action;
			sourceTree = "<group>";
		};
		59453549275653ED00DD9DF2 /* State */ = {
			isa = PBXGroup;
			children = (
				5945354A275653FE00DD9DF2 /* LangPickerState.swift */,
			);
			path = State;
			sourceTree = "<group>";
		};
		594535552756546200DD9DF2 /* Reducer */ = {
			isa = PBXGroup;
			children = (
				594535562756547B00DD9DF2 /* langPickerReducer.swift */,
			);
			path = Reducer;
			sourceTree = "<group>";
		};
		598E804C27559A6C00CC61EA /* NewWord */ = {
			isa = PBXGroup;
			children = (
				598E80782755A63E00CC61EA /* Action */,
				598E80842755A6AF00CC61EA /* Reducer */,
				598E807E2755A68100CC61EA /* State */,
				598E80772755A61B00CC61EA /* View */,
			);
			path = NewWord;
			sourceTree = "<group>";
		};
		598E805727559AD000CC61EA /* DesignSystem */ = {
			isa = PBXGroup;
			children = (
				5945350D2756002600DD9DF2 /* LangPickerPopup */,
				598E805827559ADE00CC61EA /* ViewParams.swift */,
			);
			path = DesignSystem;
			sourceTree = "<group>";
		};
		598E805D27559B1700CC61EA /* DataClass */ = {
			isa = PBXGroup;
			children = (
				598E805E27559B2200CC61EA /* Lang.swift */,
			);
			path = DataClass;
			sourceTree = "<group>";
		};
		598E806327559B3900CC61EA /* Core */ = {
			isa = PBXGroup;
			children = (
				598E806427559B4900CC61EA /* Tagged.swift */,
			);
			path = Core;
			sourceTree = "<group>";
		};
		598E80772755A61B00CC61EA /* View */ = {
			isa = PBXGroup;
			children = (
				598E804D27559A8B00CC61EA /* NewWordViewController.swift */,
				598E806C27559BB300CC61EA /* NewWordViewController+Layout.swift */,
				598E805227559ABB00CC61EA /* NewWordViewParams.swift */,
			);
			path = View;
			sourceTree = "<group>";
		};
		598E80782755A63E00CC61EA /* Action */ = {
			isa = PBXGroup;
			children = (
				598E80792755A66200CC61EA /* NewWordAction.swift */,
			);
			path = Action;
			sourceTree = "<group>";
		};
		598E807E2755A68100CC61EA /* State */ = {
			isa = PBXGroup;
			children = (
				598E807F2755A69200CC61EA /* NewWordState.swift */,
			);
			path = State;
			sourceTree = "<group>";
		};
		598E80842755A6AF00CC61EA /* Reducer */ = {
			isa = PBXGroup;
			children = (
				598E80852755A6C600CC61EA /* newWordReducer.swift */,
			);
			path = Reducer;
			sourceTree = "<group>";
		};
		D30E92E6772F4757739EB473 /* Frameworks */ = {
			isa = PBXGroup;
			children = (
				9D4B73776E77AA9DD470DEC2 /* Pods_ReNotebook.framework */,
				71471C1C0692B74EE9009C51 /* Pods_ReNotebook_ReNotebookUITests.framework */,
				2B8941D0A1E85CF990DCDC1D /* Pods_ReNotebookTests.framework */,
			);
			name = Frameworks;
			sourceTree = "<group>";
		};
/* End PBXGroup section */

/* Begin PBXNativeTarget section */
		59071C502754FFBF0043D48C /* ReNotebook */ = {
			isa = PBXNativeTarget;
			buildConfigurationList = 59071C7B2754FFC30043D48C /* Build configuration list for PBXNativeTarget "ReNotebook" */;
			buildPhases = (
				223D75879D9C1DC9890B7FD7 /* [CP] Check Pods Manifest.lock */,
				59071C4D2754FFBF0043D48C /* Sources */,
				599CF7F827553BC100F07EA6 /* ShellScript */,
				59071C4E2754FFBF0043D48C /* Frameworks */,
				59071C4F2754FFBF0043D48C /* Resources */,
				1B40342C84FD6E4B9BAD14D0 /* [CP] Embed Pods Frameworks */,
			);
			buildRules = (
			);
			dependencies = (
			);
			name = ReNotebook;
			productName = ReNotebook;
			productReference = 59071C512754FFBF0043D48C /* ReNotebook.app */;
			productType = "com.apple.product-type.application";
		};
		59071C662754FFC30043D48C /* ReNotebookTests */ = {
			isa = PBXNativeTarget;
			buildConfigurationList = 59071C7E2754FFC30043D48C /* Build configuration list for PBXNativeTarget "ReNotebookTests" */;
			buildPhases = (
				763FBDE2EE29CA458273ADD5 /* [CP] Check Pods Manifest.lock */,
				59071C632754FFC30043D48C /* Sources */,
				59071C642754FFC30043D48C /* Frameworks */,
				59071C652754FFC30043D48C /* Resources */,
			);
			buildRules = (
			);
			dependencies = (
				59071C692754FFC30043D48C /* PBXTargetDependency */,
			);
			name = ReNotebookTests;
			productName = ReNotebookTests;
			productReference = 59071C672754FFC30043D48C /* ReNotebookTests.xctest */;
			productType = "com.apple.product-type.bundle.unit-test";
		};
		59071C712754FFC30043D48C /* ReNotebookUITests */ = {
			isa = PBXNativeTarget;
			buildConfigurationList = 59071C812754FFC30043D48C /* Build configuration list for PBXNativeTarget "ReNotebookUITests" */;
			buildPhases = (
				8C83398927D6D15B0949B68C /* [CP] Check Pods Manifest.lock */,
				59071C6E2754FFC30043D48C /* Sources */,
				59071C6F2754FFC30043D48C /* Frameworks */,
				59071C702754FFC30043D48C /* Resources */,
				F734CE3A49A5E4D6F865FFF9 /* [CP] Embed Pods Frameworks */,
			);
			buildRules = (
			);
			dependencies = (
				59071C742754FFC30043D48C /* PBXTargetDependency */,
			);
			name = ReNotebookUITests;
			productName = ReNotebookUITests;
			productReference = 59071C722754FFC30043D48C /* ReNotebookUITests.xctest */;
			productType = "com.apple.product-type.bundle.ui-testing";
		};
/* End PBXNativeTarget section */

/* Begin PBXProject section */
		59071C492754FFBF0043D48C /* Project object */ = {
			isa = PBXProject;
			attributes = {
				LastSwiftUpdateCheck = 1210;
				LastUpgradeCheck = 1210;
				TargetAttributes = {
					59071C502754FFBF0043D48C = {
						CreatedOnToolsVersion = 12.1;
					};
					59071C662754FFC30043D48C = {
						CreatedOnToolsVersion = 12.1;
						TestTargetID = 59071C502754FFBF0043D48C;
					};
					59071C712754FFC30043D48C = {
						CreatedOnToolsVersion = 12.1;
						TestTargetID = 59071C502754FFBF0043D48C;
					};
				};
			};
			buildConfigurationList = 59071C4C2754FFBF0043D48C /* Build configuration list for PBXProject "ReNotebook" */;
			compatibilityVersion = "Xcode 9.3";
			developmentRegion = en;
			hasScannedForEncodings = 0;
			knownRegions = (
				en,
				Base,
			);
			mainGroup = 59071C482754FFBF0043D48C;
			productRefGroup = 59071C522754FFBF0043D48C /* Products */;
			projectDirPath = "";
			projectRoot = "";
			targets = (
				59071C502754FFBF0043D48C /* ReNotebook */,
				59071C662754FFC30043D48C /* ReNotebookTests */,
				59071C712754FFC30043D48C /* ReNotebookUITests */,
			);
		};
/* End PBXProject section */

/* Begin PBXResourcesBuildPhase section */
		59071C4F2754FFBF0043D48C /* Resources */ = {
			isa = PBXResourcesBuildPhase;
			buildActionMask = 2147483647;
			files = (
				59071C612754FFC30043D48C /* LaunchScreen.storyboard in Resources */,
				59071C5E2754FFC30043D48C /* Assets.xcassets in Resources */,
			);
			runOnlyForDeploymentPostprocessing = 0;
		};
		59071C652754FFC30043D48C /* Resources */ = {
			isa = PBXResourcesBuildPhase;
			buildActionMask = 2147483647;
			files = (
			);
			runOnlyForDeploymentPostprocessing = 0;
		};
		59071C702754FFC30043D48C /* Resources */ = {
			isa = PBXResourcesBuildPhase;
			buildActionMask = 2147483647;
			files = (
			);
			runOnlyForDeploymentPostprocessing = 0;
		};
/* End PBXResourcesBuildPhase section */

/* Begin PBXShellScriptBuildPhase section */
		1B40342C84FD6E4B9BAD14D0 /* [CP] Embed Pods Frameworks */ = {
			isa = PBXShellScriptBuildPhase;
			buildActionMask = 2147483647;
			files = (
			);
			inputFileListPaths = (
				"${PODS_ROOT}/Target Support Files/Pods-ReNotebook/Pods-ReNotebook-frameworks-${CONFIGURATION}-input-files.xcfilelist",
			);
			name = "[CP] Embed Pods Frameworks";
			outputFileListPaths = (
				"${PODS_ROOT}/Target Support Files/Pods-ReNotebook/Pods-ReNotebook-frameworks-${CONFIGURATION}-output-files.xcfilelist",
			);
			runOnlyForDeploymentPostprocessing = 0;
			shellPath = /bin/sh;
			shellScript = "\"${PODS_ROOT}/Target Support Files/Pods-ReNotebook/Pods-ReNotebook-frameworks.sh\"\n";
			showEnvVarsInLog = 0;
		};
		223D75879D9C1DC9890B7FD7 /* [CP] Check Pods Manifest.lock */ = {
			isa = PBXShellScriptBuildPhase;
			buildActionMask = 2147483647;
			files = (
			);
			inputFileListPaths = (
			);
			inputPaths = (
				"${PODS_PODFILE_DIR_PATH}/Podfile.lock",
				"${PODS_ROOT}/Manifest.lock",
			);
			name = "[CP] Check Pods Manifest.lock";
			outputFileListPaths = (
			);
			outputPaths = (
				"$(DERIVED_FILE_DIR)/Pods-ReNotebook-checkManifestLockResult.txt",
			);
			runOnlyForDeploymentPostprocessing = 0;
			shellPath = /bin/sh;
			shellScript = "diff \"${PODS_PODFILE_DIR_PATH}/Podfile.lock\" \"${PODS_ROOT}/Manifest.lock\" > /dev/null\nif [ $? != 0 ] ; then\n    # print error to STDERR\n    echo \"error: The sandbox is not in sync with the Podfile.lock. Run 'pod install' or update your CocoaPods installation.\" >&2\n    exit 1\nfi\n# This output is used by Xcode 'outputs' to avoid re-running this script phase.\necho \"SUCCESS\" > \"${SCRIPT_OUTPUT_FILE_0}\"\n";
			showEnvVarsInLog = 0;
		};
		599CF7F827553BC100F07EA6 /* ShellScript */ = {
			isa = PBXShellScriptBuildPhase;
			buildActionMask = 2147483647;
			files = (
			);
			inputFileListPaths = (
			);
			inputPaths = (
			);
			outputFileListPaths = (
			);
			outputPaths = (
			);
			runOnlyForDeploymentPostprocessing = 0;
			shellPath = /bin/sh;
			shellScript = "\"${PODS_ROOT}/SwiftLint/swiftlint\"\n";
		};
		763FBDE2EE29CA458273ADD5 /* [CP] Check Pods Manifest.lock */ = {
			isa = PBXShellScriptBuildPhase;
			buildActionMask = 2147483647;
			files = (
			);
			inputFileListPaths = (
			);
			inputPaths = (
				"${PODS_PODFILE_DIR_PATH}/Podfile.lock",
				"${PODS_ROOT}/Manifest.lock",
			);
			name = "[CP] Check Pods Manifest.lock";
			outputFileListPaths = (
			);
			outputPaths = (
				"$(DERIVED_FILE_DIR)/Pods-ReNotebookTests-checkManifestLockResult.txt",
			);
			runOnlyForDeploymentPostprocessing = 0;
			shellPath = /bin/sh;
			shellScript = "diff \"${PODS_PODFILE_DIR_PATH}/Podfile.lock\" \"${PODS_ROOT}/Manifest.lock\" > /dev/null\nif [ $? != 0 ] ; then\n    # print error to STDERR\n    echo \"error: The sandbox is not in sync with the Podfile.lock. Run 'pod install' or update your CocoaPods installation.\" >&2\n    exit 1\nfi\n# This output is used by Xcode 'outputs' to avoid re-running this script phase.\necho \"SUCCESS\" > \"${SCRIPT_OUTPUT_FILE_0}\"\n";
			showEnvVarsInLog = 0;
		};
		8C83398927D6D15B0949B68C /* [CP] Check Pods Manifest.lock */ = {
			isa = PBXShellScriptBuildPhase;
			buildActionMask = 2147483647;
			files = (
			);
			inputFileListPaths = (
			);
			inputPaths = (
				"${PODS_PODFILE_DIR_PATH}/Podfile.lock",
				"${PODS_ROOT}/Manifest.lock",
			);
			name = "[CP] Check Pods Manifest.lock";
			outputFileListPaths = (
			);
			outputPaths = (
				"$(DERIVED_FILE_DIR)/Pods-ReNotebook-ReNotebookUITests-checkManifestLockResult.txt",
			);
			runOnlyForDeploymentPostprocessing = 0;
			shellPath = /bin/sh;
			shellScript = "diff \"${PODS_PODFILE_DIR_PATH}/Podfile.lock\" \"${PODS_ROOT}/Manifest.lock\" > /dev/null\nif [ $? != 0 ] ; then\n    # print error to STDERR\n    echo \"error: The sandbox is not in sync with the Podfile.lock. Run 'pod install' or update your CocoaPods installation.\" >&2\n    exit 1\nfi\n# This output is used by Xcode 'outputs' to avoid re-running this script phase.\necho \"SUCCESS\" > \"${SCRIPT_OUTPUT_FILE_0}\"\n";
			showEnvVarsInLog = 0;
		};
		F734CE3A49A5E4D6F865FFF9 /* [CP] Embed Pods Frameworks */ = {
			isa = PBXShellScriptBuildPhase;
			buildActionMask = 2147483647;
			files = (
			);
			inputFileListPaths = (
				"${PODS_ROOT}/Target Support Files/Pods-ReNotebook-ReNotebookUITests/Pods-ReNotebook-ReNotebookUITests-frameworks-${CONFIGURATION}-input-files.xcfilelist",
			);
			name = "[CP] Embed Pods Frameworks";
			outputFileListPaths = (
				"${PODS_ROOT}/Target Support Files/Pods-ReNotebook-ReNotebookUITests/Pods-ReNotebook-ReNotebookUITests-frameworks-${CONFIGURATION}-output-files.xcfilelist",
			);
			runOnlyForDeploymentPostprocessing = 0;
			shellPath = /bin/sh;
			shellScript = "\"${PODS_ROOT}/Target Support Files/Pods-ReNotebook-ReNotebookUITests/Pods-ReNotebook-ReNotebookUITests-frameworks.sh\"\n";
			showEnvVarsInLog = 0;
		};
/* End PBXShellScriptBuildPhase section */

/* Begin PBXSourcesBuildPhase section */
		59071C4D2754FFBF0043D48C /* Sources */ = {
			isa = PBXSourcesBuildPhase;
			buildActionMask = 2147483647;
			files = (
				5945351E2756029700DD9DF2 /* LangPickerViewParams.swift in Sources */,
				5945354B275653FE00DD9DF2 /* LangPickerState.swift in Sources */,
				5945351D2756029700DD9DF2 /* LangPickerViewImpl.swift in Sources */,
				598E80802755A69200CC61EA /* NewWordState.swift in Sources */,
				59071C552754FFBF0043D48C /* AppDelegate.swift in Sources */,
				598E804E27559A8B00CC61EA /* NewWordViewController.swift in Sources */,
				59071C572754FFBF0043D48C /* SceneDelegate.swift in Sources */,
				598E80452755649300CC61EA /* Store.swift in Sources */,
				594534F42755F23E00DD9DF2 /* loggingMiddleware.swift in Sources */,
				598E806D27559BB300CC61EA /* NewWordViewController+Layout.swift in Sources */,
				598E806527559B4900CC61EA /* Tagged.swift in Sources */,
				594535142756006900DD9DF2 /* LangPickerPopupParams.swift in Sources */,
				598E807A2755A66200CC61EA /* NewWordAction.swift in Sources */,
				594535512756544600DD9DF2 /* LangPickerAction.swift in Sources */,
				594535132756006900DD9DF2 /* LangPickerController.swift in Sources */,
				598E805927559ADE00CC61EA /* ViewParams.swift in Sources */,
				598E805327559ABB00CC61EA /* NewWordViewParams.swift in Sources */,
				598E805F27559B2200CC61EA /* Lang.swift in Sources */,
				598E80862755A6C600CC61EA /* newWordReducer.swift in Sources */,
				594535572756547B00DD9DF2 /* langPickerReducer.swift in Sources */,
				594535152756006900DD9DF2 /* LangPickerPopup+Layout.swift in Sources */,
				594535122756006900DD9DF2 /* LangPickerPopup.swift in Sources */,
			);
			runOnlyForDeploymentPostprocessing = 0;
		};
		59071C632754FFC30043D48C /* Sources */ = {
			isa = PBXSourcesBuildPhase;
			buildActionMask = 2147483647;
			files = (
				59071C6C2754FFC30043D48C /* ReNotebookTests.swift in Sources */,
			);
			runOnlyForDeploymentPostprocessing = 0;
		};
		59071C6E2754FFC30043D48C /* Sources */ = {
			isa = PBXSourcesBuildPhase;
			buildActionMask = 2147483647;
			files = (
				59071C772754FFC30043D48C /* ReNotebookUITests.swift in Sources */,
			);
			runOnlyForDeploymentPostprocessing = 0;
		};
/* End PBXSourcesBuildPhase section */

/* Begin PBXTargetDependency section */
		59071C692754FFC30043D48C /* PBXTargetDependency */ = {
			isa = PBXTargetDependency;
			target = 59071C502754FFBF0043D48C /* ReNotebook */;
			targetProxy = 59071C682754FFC30043D48C /* PBXContainerItemProxy */;
		};
		59071C742754FFC30043D48C /* PBXTargetDependency */ = {
			isa = PBXTargetDependency;
			target = 59071C502754FFBF0043D48C /* ReNotebook */;
			targetProxy = 59071C732754FFC30043D48C /* PBXContainerItemProxy */;
		};
/* End PBXTargetDependency section */

/* Begin PBXVariantGroup section */
		59071C5F2754FFC30043D48C /* LaunchScreen.storyboard */ = {
			isa = PBXVariantGroup;
			children = (
				59071C602754FFC30043D48C /* Base */,
			);
			name = LaunchScreen.storyboard;
			sourceTree = "<group>";
		};
/* End PBXVariantGroup section */

/* Begin XCBuildConfiguration section */
		59071C792754FFC30043D48C /* Debug */ = {
			isa = XCBuildConfiguration;
			buildSettings = {
				ALWAYS_SEARCH_USER_PATHS = NO;
				CLANG_ANALYZER_NONNULL = YES;
				CLANG_ANALYZER_NUMBER_OBJECT_CONVERSION = YES_AGGRESSIVE;
				CLANG_CXX_LANGUAGE_STANDARD = "gnu++14";
				CLANG_CXX_LIBRARY = "libc++";
				CLANG_ENABLE_MODULES = YES;
				CLANG_ENABLE_OBJC_ARC = YES;
				CLANG_ENABLE_OBJC_WEAK = YES;
				CLANG_WARN_BLOCK_CAPTURE_AUTORELEASING = YES;
				CLANG_WARN_BOOL_CONVERSION = YES;
				CLANG_WARN_COMMA = YES;
				CLANG_WARN_CONSTANT_CONVERSION = YES;
				CLANG_WARN_DEPRECATED_OBJC_IMPLEMENTATIONS = YES;
				CLANG_WARN_DIRECT_OBJC_ISA_USAGE = YES_ERROR;
				CLANG_WARN_DOCUMENTATION_COMMENTS = YES;
				CLANG_WARN_EMPTY_BODY = YES;
				CLANG_WARN_ENUM_CONVERSION = YES;
				CLANG_WARN_INFINITE_RECURSION = YES;
				CLANG_WARN_INT_CONVERSION = YES;
				CLANG_WARN_NON_LITERAL_NULL_CONVERSION = YES;
				CLANG_WARN_OBJC_IMPLICIT_RETAIN_SELF = YES;
				CLANG_WARN_OBJC_LITERAL_CONVERSION = YES;
				CLANG_WARN_OBJC_ROOT_CLASS = YES_ERROR;
				CLANG_WARN_QUOTED_INCLUDE_IN_FRAMEWORK_HEADER = YES;
				CLANG_WARN_RANGE_LOOP_ANALYSIS = YES;
				CLANG_WARN_STRICT_PROTOTYPES = YES;
				CLANG_WARN_SUSPICIOUS_MOVE = YES;
				CLANG_WARN_UNGUARDED_AVAILABILITY = YES_AGGRESSIVE;
				CLANG_WARN_UNREACHABLE_CODE = YES;
				CLANG_WARN__DUPLICATE_METHOD_MATCH = YES;
				COPY_PHASE_STRIP = NO;
				DEBUG_INFORMATION_FORMAT = dwarf;
				ENABLE_STRICT_OBJC_MSGSEND = YES;
				ENABLE_TESTABILITY = YES;
				GCC_C_LANGUAGE_STANDARD = gnu11;
				GCC_DYNAMIC_NO_PIC = NO;
				GCC_NO_COMMON_BLOCKS = YES;
				GCC_OPTIMIZATION_LEVEL = 0;
				GCC_PREPROCESSOR_DEFINITIONS = (
					"DEBUG=1",
					"$(inherited)",
				);
				GCC_WARN_64_TO_32_BIT_CONVERSION = YES;
				GCC_WARN_ABOUT_RETURN_TYPE = YES_ERROR;
				GCC_WARN_UNDECLARED_SELECTOR = YES;
				GCC_WARN_UNINITIALIZED_AUTOS = YES_AGGRESSIVE;
				GCC_WARN_UNUSED_FUNCTION = YES;
				GCC_WARN_UNUSED_VARIABLE = YES;
				IPHONEOS_DEPLOYMENT_TARGET = 14.1;
				MTL_ENABLE_DEBUG_INFO = INCLUDE_SOURCE;
				MTL_FAST_MATH = YES;
				ONLY_ACTIVE_ARCH = YES;
				SDKROOT = iphoneos;
				SWIFT_ACTIVE_COMPILATION_CONDITIONS = DEBUG;
				SWIFT_OPTIMIZATION_LEVEL = "-Onone";
			};
			name = Debug;
		};
		59071C7A2754FFC30043D48C /* Release */ = {
			isa = XCBuildConfiguration;
			buildSettings = {
				ALWAYS_SEARCH_USER_PATHS = NO;
				CLANG_ANALYZER_NONNULL = YES;
				CLANG_ANALYZER_NUMBER_OBJECT_CONVERSION = YES_AGGRESSIVE;
				CLANG_CXX_LANGUAGE_STANDARD = "gnu++14";
				CLANG_CXX_LIBRARY = "libc++";
				CLANG_ENABLE_MODULES = YES;
				CLANG_ENABLE_OBJC_ARC = YES;
				CLANG_ENABLE_OBJC_WEAK = YES;
				CLANG_WARN_BLOCK_CAPTURE_AUTORELEASING = YES;
				CLANG_WARN_BOOL_CONVERSION = YES;
				CLANG_WARN_COMMA = YES;
				CLANG_WARN_CONSTANT_CONVERSION = YES;
				CLANG_WARN_DEPRECATED_OBJC_IMPLEMENTATIONS = YES;
				CLANG_WARN_DIRECT_OBJC_ISA_USAGE = YES_ERROR;
				CLANG_WARN_DOCUMENTATION_COMMENTS = YES;
				CLANG_WARN_EMPTY_BODY = YES;
				CLANG_WARN_ENUM_CONVERSION = YES;
				CLANG_WARN_INFINITE_RECURSION = YES;
				CLANG_WARN_INT_CONVERSION = YES;
				CLANG_WARN_NON_LITERAL_NULL_CONVERSION = YES;
				CLANG_WARN_OBJC_IMPLICIT_RETAIN_SELF = YES;
				CLANG_WARN_OBJC_LITERAL_CONVERSION = YES;
				CLANG_WARN_OBJC_ROOT_CLASS = YES_ERROR;
				CLANG_WARN_QUOTED_INCLUDE_IN_FRAMEWORK_HEADER = YES;
				CLANG_WARN_RANGE_LOOP_ANALYSIS = YES;
				CLANG_WARN_STRICT_PROTOTYPES = YES;
				CLANG_WARN_SUSPICIOUS_MOVE = YES;
				CLANG_WARN_UNGUARDED_AVAILABILITY = YES_AGGRESSIVE;
				CLANG_WARN_UNREACHABLE_CODE = YES;
				CLANG_WARN__DUPLICATE_METHOD_MATCH = YES;
				COPY_PHASE_STRIP = NO;
				DEBUG_INFORMATION_FORMAT = "dwarf-with-dsym";
				ENABLE_NS_ASSERTIONS = NO;
				ENABLE_STRICT_OBJC_MSGSEND = YES;
				GCC_C_LANGUAGE_STANDARD = gnu11;
				GCC_NO_COMMON_BLOCKS = YES;
				GCC_WARN_64_TO_32_BIT_CONVERSION = YES;
				GCC_WARN_ABOUT_RETURN_TYPE = YES_ERROR;
				GCC_WARN_UNDECLARED_SELECTOR = YES;
				GCC_WARN_UNINITIALIZED_AUTOS = YES_AGGRESSIVE;
				GCC_WARN_UNUSED_FUNCTION = YES;
				GCC_WARN_UNUSED_VARIABLE = YES;
				IPHONEOS_DEPLOYMENT_TARGET = 14.1;
				MTL_ENABLE_DEBUG_INFO = NO;
				MTL_FAST_MATH = YES;
				SDKROOT = iphoneos;
				SWIFT_COMPILATION_MODE = wholemodule;
				SWIFT_OPTIMIZATION_LEVEL = "-O";
				VALIDATE_PRODUCT = YES;
			};
			name = Release;
		};
		59071C7C2754FFC30043D48C /* Debug */ = {
			isa = XCBuildConfiguration;
			baseConfigurationReference = 34DE3722EB765ED895031528 /* Pods-ReNotebook.debug.xcconfig */;
			buildSettings = {
				ASSETCATALOG_COMPILER_APPICON_NAME = AppIcon;
				ASSETCATALOG_COMPILER_GLOBAL_ACCENT_COLOR_NAME = AccentColor;
				CODE_SIGN_STYLE = Automatic;
				DEVELOPMENT_TEAM = T96KB8H453;
				INFOPLIST_FILE = ReNotebook/Info.plist;
				LD_RUNPATH_SEARCH_PATHS = (
					"$(inherited)",
					"@executable_path/Frameworks",
				);
				PRODUCT_BUNDLE_IDENTIFIER = io.github.maksimn.ReNotebook;
				PRODUCT_NAME = "$(TARGET_NAME)";
				SWIFT_VERSION = 5.0;
				TARGETED_DEVICE_FAMILY = "1,2";
			};
			name = Debug;
		};
		59071C7D2754FFC30043D48C /* Release */ = {
			isa = XCBuildConfiguration;
			baseConfigurationReference = 493F560C06C3D83B0EEA3B72 /* Pods-ReNotebook.release.xcconfig */;
			buildSettings = {
				ASSETCATALOG_COMPILER_APPICON_NAME = AppIcon;
				ASSETCATALOG_COMPILER_GLOBAL_ACCENT_COLOR_NAME = AccentColor;
				CODE_SIGN_STYLE = Automatic;
				DEVELOPMENT_TEAM = T96KB8H453;
				INFOPLIST_FILE = ReNotebook/Info.plist;
				LD_RUNPATH_SEARCH_PATHS = (
					"$(inherited)",
					"@executable_path/Frameworks",
				);
				PRODUCT_BUNDLE_IDENTIFIER = io.github.maksimn.ReNotebook;
				PRODUCT_NAME = "$(TARGET_NAME)";
				SWIFT_VERSION = 5.0;
				TARGETED_DEVICE_FAMILY = "1,2";
			};
			name = Release;
		};
		59071C7F2754FFC30043D48C /* Debug */ = {
			isa = XCBuildConfiguration;
			baseConfigurationReference = 69B88A351E0C675E71F64646 /* Pods-ReNotebookTests.debug.xcconfig */;
			buildSettings = {
				ALWAYS_EMBED_SWIFT_STANDARD_LIBRARIES = YES;
				BUNDLE_LOADER = "$(TEST_HOST)";
				CODE_SIGN_STYLE = Automatic;
				DEVELOPMENT_TEAM = T96KB8H453;
				INFOPLIST_FILE = ReNotebookTests/Info.plist;
				IPHONEOS_DEPLOYMENT_TARGET = 14.1;
				LD_RUNPATH_SEARCH_PATHS = (
					"$(inherited)",
					"@executable_path/Frameworks",
					"@loader_path/Frameworks",
				);
				PRODUCT_BUNDLE_IDENTIFIER = io.github.maksimn.ReNotebookTests;
				PRODUCT_NAME = "$(TARGET_NAME)";
				SWIFT_VERSION = 5.0;
				TARGETED_DEVICE_FAMILY = "1,2";
				TEST_HOST = "$(BUILT_PRODUCTS_DIR)/ReNotebook.app/ReNotebook";
			};
			name = Debug;
		};
		59071C802754FFC30043D48C /* Release */ = {
			isa = XCBuildConfiguration;
			baseConfigurationReference = 61313236377EB5E75EE505A9 /* Pods-ReNotebookTests.release.xcconfig */;
			buildSettings = {
				ALWAYS_EMBED_SWIFT_STANDARD_LIBRARIES = YES;
				BUNDLE_LOADER = "$(TEST_HOST)";
				CODE_SIGN_STYLE = Automatic;
				DEVELOPMENT_TEAM = T96KB8H453;
				INFOPLIST_FILE = ReNotebookTests/Info.plist;
				IPHONEOS_DEPLOYMENT_TARGET = 14.1;
				LD_RUNPATH_SEARCH_PATHS = (
					"$(inherited)",
					"@executable_path/Frameworks",
					"@loader_path/Frameworks",
				);
				PRODUCT_BUNDLE_IDENTIFIER = io.github.maksimn.ReNotebookTests;
				PRODUCT_NAME = "$(TARGET_NAME)";
				SWIFT_VERSION = 5.0;
				TARGETED_DEVICE_FAMILY = "1,2";
				TEST_HOST = "$(BUILT_PRODUCTS_DIR)/ReNotebook.app/ReNotebook";
			};
			name = Release;
		};
		59071C822754FFC30043D48C /* Debug */ = {
			isa = XCBuildConfiguration;
			baseConfigurationReference = ED5DAC2E5EA92BFCD1806B3F /* Pods-ReNotebook-ReNotebookUITests.debug.xcconfig */;
			buildSettings = {
				ALWAYS_EMBED_SWIFT_STANDARD_LIBRARIES = YES;
				CODE_SIGN_STYLE = Automatic;
				DEVELOPMENT_TEAM = T96KB8H453;
				INFOPLIST_FILE = ReNotebookUITests/Info.plist;
				LD_RUNPATH_SEARCH_PATHS = (
					"$(inherited)",
					"@executable_path/Frameworks",
					"@loader_path/Frameworks",
				);
				PRODUCT_BUNDLE_IDENTIFIER = io.github.maksimn.ReNotebookUITests;
				PRODUCT_NAME = "$(TARGET_NAME)";
				SWIFT_VERSION = 5.0;
				TARGETED_DEVICE_FAMILY = "1,2";
				TEST_TARGET_NAME = ReNotebook;
			};
			name = Debug;
		};
		59071C832754FFC30043D48C /* Release */ = {
			isa = XCBuildConfiguration;
			baseConfigurationReference = E1959F9154CAD9326A93F8A8 /* Pods-ReNotebook-ReNotebookUITests.release.xcconfig */;
			buildSettings = {
				ALWAYS_EMBED_SWIFT_STANDARD_LIBRARIES = YES;
				CODE_SIGN_STYLE = Automatic;
				DEVELOPMENT_TEAM = T96KB8H453;
				INFOPLIST_FILE = ReNotebookUITests/Info.plist;
				LD_RUNPATH_SEARCH_PATHS = (
					"$(inherited)",
					"@executable_path/Frameworks",
					"@loader_path/Frameworks",
				);
				PRODUCT_BUNDLE_IDENTIFIER = io.github.maksimn.ReNotebookUITests;
				PRODUCT_NAME = "$(TARGET_NAME)";
				SWIFT_VERSION = 5.0;
				TARGETED_DEVICE_FAMILY = "1,2";
				TEST_TARGET_NAME = ReNotebook;
			};
			name = Release;
		};
/* End XCBuildConfiguration section */

/* Begin XCConfigurationList section */
		59071C4C2754FFBF0043D48C /* Build configuration list for PBXProject "ReNotebook" */ = {
			isa = XCConfigurationList;
			buildConfigurations = (
				59071C792754FFC30043D48C /* Debug */,
				59071C7A2754FFC30043D48C /* Release */,
			);
			defaultConfigurationIsVisible = 0;
			defaultConfigurationName = Release;
		};
		59071C7B2754FFC30043D48C /* Build configuration list for PBXNativeTarget "ReNotebook" */ = {
			isa = XCConfigurationList;
			buildConfigurations = (
				59071C7C2754FFC30043D48C /* Debug */,
				59071C7D2754FFC30043D48C /* Release */,
			);
			defaultConfigurationIsVisible = 0;
			defaultConfigurationName = Release;
		};
		59071C7E2754FFC30043D48C /* Build configuration list for PBXNativeTarget "ReNotebookTests" */ = {
			isa = XCConfigurationList;
			buildConfigurations = (
				59071C7F2754FFC30043D48C /* Debug */,
				59071C802754FFC30043D48C /* Release */,
			);
			defaultConfigurationIsVisible = 0;
			defaultConfigurationName = Release;
		};
		59071C812754FFC30043D48C /* Build configuration list for PBXNativeTarget "ReNotebookUITests" */ = {
			isa = XCConfigurationList;
			buildConfigurations = (
				59071C822754FFC30043D48C /* Debug */,
				59071C832754FFC30043D48C /* Release */,
			);
			defaultConfigurationIsVisible = 0;
			defaultConfigurationName = Release;
		};
/* End XCConfigurationList section */
	};
	rootObject = 59071C492754FFBF0043D48C /* Project object */;
}
